
Microsoft Visual Studio Solution File, Format Version 12.00
# Visual Studio Version 17
VisualStudioVersion = 17.4.33110.190
MinimumVisualStudioVersion = 10.0.40219.1
Project("{9A19103F-16F7-4668-BE54-9A1E7A4F7556}") = "GPMCasstteConvertCIM", "GPMCasstteConvertCIM\GPMCasstteConvertCIM.csproj", "{CFF6AD93-3B21-4D25-B544-21DCE7CD9A04}"
EndProject
Project("{9A19103F-16F7-4668-BE54-9A1E7A4F7556}") = "GPMCasstteConvertCIMTests", "GPMCasstteConvertCIMTests\GPMCasstteConvertCIMTests.csproj", "{9201C2D0-7872-4071-AD84-72B85C07C31B}"
EndProject
Project("{9A19103F-16F7-4668-BE54-9A1E7A4F7556}") = "Secs4Net", "secs4net\src\Secs4Net\Secs4Net.csproj", "{8CC7397D-A169-4564-837F-5F652A38A001}"
EndProject
Project("{9A19103F-16F7-4668-BE54-9A1E7A4F7556}") = "GPMAPPBackgroundWoker", "GPMAPPBackgroundWoker\GPMAPPBackgroundWoker.csproj", "{9709F2B9-8842-44ED-9C84-8A1531B97486}"
EndProject
Project("{9A19103F-16F7-4668-BE54-9A1E7A4F7556}") = "RosBridgeClient", "rosbridgeclient\RosBridgeClient.csproj", "{A3D91E4A-0A24-47B9-9348-23A61C33E12D}"
EndProject
Project("{9A19103F-16F7-4668-BE54-9A1E7A4F7556}") = "AGVSystemCommonNet6", "AGVSystemCommonNet6\AGVSystemCommonNet6.csproj", "{8A6A4787-C33A-4B5A-B548-CD788FA2F5A4}"
EndProject
Global
	GlobalSection(SolutionConfigurationPlatforms) = preSolution
		Debug|Any CPU = Debug|Any CPU
		Debug|x86 = Debug|x86
		Release|Any CPU = Release|Any CPU
		Release|x86 = Release|x86
	EndGlobalSection
	GlobalSection(ProjectConfigurationPlatforms) = postSolution
		{CFF6AD93-3B21-4D25-B544-21DCE7CD9A04}.Debug|Any CPU.ActiveCfg = Debug|Any CPU
		{CFF6AD93-3B21-4D25-B544-21DCE7CD9A04}.Debug|Any CPU.Build.0 = Debug|Any CPU
		{CFF6AD93-3B21-4D25-B544-21DCE7CD9A04}.Debug|x86.ActiveCfg = Debug|x86
		{CFF6AD93-3B21-4D25-B544-21DCE7CD9A04}.Debug|x86.Build.0 = Debug|x86
		{CFF6AD93-3B21-4D25-B544-21DCE7CD9A04}.Release|Any CPU.ActiveCfg = Release|Any CPU
		{CFF6AD93-3B21-4D25-B544-21DCE7CD9A04}.Release|Any CPU.Build.0 = Release|Any CPU
		{CFF6AD93-3B21-4D25-B544-21DCE7CD9A04}.Release|x86.ActiveCfg = Release|x86
		{CFF6AD93-3B21-4D25-B544-21DCE7CD9A04}.Release|x86.Build.0 = Release|x86
		{9201C2D0-7872-4071-AD84-72B85C07C31B}.Debug|Any CPU.ActiveCfg = Debug|Any CPU
		{9201C2D0-7872-4071-AD84-72B85C07C31B}.Debug|Any CPU.Build.0 = Debug|Any CPU
		{9201C2D0-7872-4071-AD84-72B85C07C31B}.Debug|x86.ActiveCfg = Debug|x86
		{9201C2D0-7872-4071-AD84-72B85C07C31B}.Debug|x86.Build.0 = Debug|x86
		{9201C2D0-7872-4071-AD84-72B85C07C31B}.Release|Any CPU.ActiveCfg = Release|Any CPU
		{9201C2D0-7872-4071-AD84-72B85C07C31B}.Release|Any CPU.Build.0 = Release|Any CPU
		{9201C2D0-7872-4071-AD84-72B85C07C31B}.Release|x86.ActiveCfg = Release|x86
		{9201C2D0-7872-4071-AD84-72B85C07C31B}.Release|x86.Build.0 = Release|x86
		{8CC7397D-A169-4564-837F-5F652A38A001}.Debug|Any CPU.ActiveCfg = Debug|Any CPU
		{8CC7397D-A169-4564-837F-5F652A38A001}.Debug|Any CPU.Build.0 = Debug|Any CPU
		{8CC7397D-A169-4564-837F-5F652A38A001}.Debug|x86.ActiveCfg = Debug|x86
		{8CC7397D-A169-4564-837F-5F652A38A001}.Debug|x86.Build.0 = Debug|x86
		{8CC7397D-A169-4564-837F-5F652A38A001}.Release|Any CPU.ActiveCfg = Release|Any CPU
		{8CC7397D-A169-4564-837F-5F652A38A001}.Release|Any CPU.Build.0 = Release|Any CPU
		{8CC7397D-A169-4564-837F-5F652A38A001}.Release|x86.ActiveCfg = Release|x86
		{8CC7397D-A169-4564-837F-5F652A38A001}.Release|x86.Build.0 = Release|x86
		{9709F2B9-8842-44ED-9C84-8A1531B97486}.Debug|Any CPU.ActiveCfg = Debug|Any CPU
		{9709F2B9-8842-44ED-9C84-8A1531B97486}.Debug|Any CPU.Build.0 = Debug|Any CPU
		{9709F2B9-8842-44ED-9C84-8A1531B97486}.Debug|x86.ActiveCfg = Debug|x86
		{9709F2B9-8842-44ED-9C84-8A1531B97486}.Debug|x86.Build.0 = Debug|x86
		{9709F2B9-8842-44ED-9C84-8A1531B97486}.Release|Any CPU.ActiveCfg = Release|Any CPU
		{9709F2B9-8842-44ED-9C84-8A1531B97486}.Release|Any CPU.Build.0 = Release|Any CPU
		{9709F2B9-8842-44ED-9C84-8A1531B97486}.Release|x86.ActiveCfg = Release|x86
		{9709F2B9-8842-44ED-9C84-8A1531B97486}.Release|x86.Build.0 = Release|x86
		{A3D91E4A-0A24-47B9-9348-23A61C33E12D}.Debug|Any CPU.ActiveCfg = Debug|Any CPU
		{A3D91E4A-0A24-47B9-9348-23A61C33E12D}.Debug|Any CPU.Build.0 = Debug|Any CPU
		{A3D91E4A-0A24-47B9-9348-23A61C33E12D}.Debug|x86.ActiveCfg = Debug|Any CPU
		{A3D91E4A-0A24-47B9-9348-23A61C33E12D}.Debug|x86.Build.0 = Debug|Any CPU
		{A3D91E4A-0A24-47B9-9348-23A61C33E12D}.Release|Any CPU.ActiveCfg = Release|Any CPU
		{A3D91E4A-0A24-47B9-9348-23A61C33E12D}.Release|Any CPU.Build.0 = Release|Any CPU
		{A3D91E4A-0A24-47B9-9348-23A61C33E12D}.Release|x86.ActiveCfg = Release|Any CPU
		{A3D91E4A-0A24-47B9-9348-23A61C33E12D}.Release|x86.Build.0 = Release|Any CPU
		{8A6A4787-C33A-4B5A-B548-CD788FA2F5A4}.Debug|Any CPU.ActiveCfg = Debug|Any CPU
		{8A6A4787-C33A-4B5A-B548-CD788FA2F5A4}.Debug|Any CPU.Build.0 = Debug|Any CPU
		{8A6A4787-C33A-4B5A-B548-CD788FA2F5A4}.Debug|x86.ActiveCfg = Debug|Any CPU
		{8A6A4787-C33A-4B5A-B548-CD788FA2F5A4}.Debug|x86.Build.0 = Debug|Any CPU
		{8A6A4787-C33A-4B5A-B548-CD788FA2F5A4}.Release|Any CPU.ActiveCfg = Release|Any CPU
		{8A6A4787-C33A-4B5A-B548-CD788FA2F5A4}.Release|Any CPU.Build.0 = Release|Any CPU
		{8A6A4787-C33A-4B5A-B548-CD788FA2F5A4}.Release|x86.ActiveCfg = Release|Any CPU
		{8A6A4787-C33A-4B5A-B548-CD788FA2F5A4}.Release|x86.Build.0 = Release|Any CPU
	EndGlobalSection
	GlobalSection(SolutionProperties) = preSolution
		HideSolutionNode = FALSE
	EndGlobalSection
	GlobalSection(ExtensibilityGlobals) = postSolution
		SolutionGuid = {D5F8FB46-AC8D-4993-81A6-49DFD70E2977}
	EndGlobalSection
EndGlobal
